{
  "name": "extension",
  "version": "1.0.0",
  "lockfileVersion": 1,
  "requires": true,
  "dependencies": {
    "chrome-ts2kt": {
      "version": "0.1.1",
      "resolved": "https://registry.npmjs.org/chrome-ts2kt/-/chrome-ts2kt-0.1.1.tgz",
      "integrity": "sha512-QF5RaSOZ5KyJAYYKKYIfhEvOs90fHAh9edDkZHFR1zJHYdhZxWtAR/izc341cGyQnIFs2HEd1pFP8umIZ68Gew=="
    },
    "kotlin": {
      "version": "1.2.51",
      "resolved": "https://registry.npmjs.org/kotlin/-/kotlin-1.2.51.tgz",
      "integrity": "sha1-PUiIpPeb9MqgOg0HN2236MPKKFU="
    },
    "kotlin-js-commons": {
      "version": "0.2.0",
      "resolved": "https://registry.npmjs.org/kotlin-js-commons/-/kotlin-js-commons-0.2.0.tgz",
      "integrity": "sha512-573quQn6AikAXLVIszcku1Xwbu3iaox8OpB4s7Bip9EYIr4a8TGTU4U4Mu8PX8nI6P33JkteteQ6Cvs8FwPRcQ==",
      "requires": {
        "kotlin": "^1.2.51"
      }
    }
  }
}
